PODS:
  - lottie-ios (2.5.2)
  - PromiseKit (6.5.3):
    - PromiseKit/CorePromise (= 6.5.3)
    - PromiseKit/Foundation (= 6.5.3)
    - PromiseKit/UIKit (= 6.5.3)
  - PromiseKit/CorePromise (6.5.3)
  - PromiseKit/Foundation (6.5.3):
    - PromiseKit/CorePromise
  - PromiseKit/UIKit (6.5.3):
    - PromiseKit/CorePromise

DEPENDENCIES:
  - lottie-ios
  - PromiseKit (~> 6.0)

SPEC REPOS:
  https://github.com/cocoapods/specs.git:
    - lottie-ios
    - PromiseKit

SPEC CHECKSUMS:
  lottie-ios: 3fef45d3fabe63e3c7c2eb603dd64ddfffc73062
  PromiseKit: c609029bdd801f792551a504c695c7d3098b42cd

PODFILE CHECKSUM: edd3c74231ba9f1a88fa795453b33101b453f4e6

COCOAPODS: 1.5.3
